// !$*UTF8*$!
{
	archiveVersion = 1;
	classes = {
	};
	objectVersion = 50;
	objects = {

/* Begin PBXBuildFile section */
		BB639A23240FE7EE00F56B29 /* AppDelegate.swift in Sources */ = {isa = PBXBuildFile; fileRef = BB639A22240FE7EE00F56B29 /* AppDelegate.swift */; };
		BB639A25240FE7EE00F56B29 /* SceneDelegate.swift in Sources */ = {isa = PBXBuildFile; fileRef = BB639A24240FE7EE00F56B29 /* SceneDelegate.swift */; };
		BB639A27240FE7EE00F56B29 /* ContentView.swift in Sources */ = {isa = PBXBuildFile; fileRef = BB639A26240FE7EE00F56B29 /* ContentView.swift */; };
		BB639A29240FE7F100F56B29 /* Assets.xcassets in Resources */ = {isa = PBXBuildFile; fileRef = BB639A28240FE7F100F56B29 /* Assets.xcassets */; };
		BB639A2C240FE7F100F56B29 /* Preview Assets.xcassets in Resources */ = {isa = PBXBuildFile; fileRef = BB639A2B240FE7F100F56B29 /* Preview Assets.xcassets */; };
		BB639A2F240FE7F100F56B29 /* LaunchScreen.storyboard in Resources */ = {isa = PBXBuildFile; fileRef = BB639A2D240FE7F100F56B29 /* LaunchScreen.storyboard */; };
		BB639A37240FE83400F56B29 /* ImageViewContainer.swift in Sources */ = {isa = PBXBuildFile; fileRef = BB639A36240FE83400F56B29 /* ImageViewContainer.swift */; };
		BB639A39240FE83C00F56B29 /* Restaurant.swift in Sources */ = {isa = PBXBuildFile; fileRef = BB639A38240FE83C00F56B29 /* Restaurant.swift */; };
		BB639A3B240FE84500F56B29 /* RestaurantRow.swift in Sources */ = {isa = PBXBuildFile; fileRef = BB639A3A240FE84500F56B29 /* RestaurantRow.swift */; };
		BB639A3D240FE84E00F56B29 /* OrientationModel.swift in Sources */ = {isa = PBXBuildFile; fileRef = BB639A3C240FE84E00F56B29 /* OrientationModel.swift */; };
		BB639A3F240FE85600F56B29 /* WebView.swift in Sources */ = {isa = PBXBuildFile; fileRef = BB639A3E240FE85600F56B29 /* WebView.swift */; };
/* End PBXBuildFile section */

/* Begin PBXFileReference section */
		BB639A1F240FE7EE00F56B29 /* SwiftUI_SearchGithub.app */ = {isa = PBXFileReference; explicitFileType = wrapper.application; includeInIndex = 0; path = SwiftUI_SearchGithub.app; sourceTree = BUILT_PRODUCTS_DIR; };
		BB639A22240FE7EE00F56B29 /* AppDelegate.swift */ = {isa = PBXFileReference; lastKnownFileType = sourcecode.swift; path = AppDelegate.swift; sourceTree = "<group>"; };
		BB639A24240FE7EE00F56B29 /* SceneDelegate.swift */ = {isa = PBXFileReference; lastKnownFileType = sourcecode.swift; path = SceneDelegate.swift; sourceTree = "<group>"; };
		BB639A26240FE7EE00F56B29 /* ContentView.swift */ = {isa = PBXFileReference; lastKnownFileType = sourcecode.swift; path = ContentView.swift; sourceTree = "<group>"; };
		BB639A28240FE7F100F56B29 /* Assets.xcassets */ = {isa = PBXFileReference; lastKnownFileType = folder.assetcatalog; path = Assets.xcassets; sourceTree = "<group>"; };
		BB639A2B240FE7F100F56B29 /* Preview Assets.xcassets */ = {isa = PBXFileReference; lastKnownFileType = folder.assetcatalog; path = "Preview Assets.xcassets"; sourceTree = "<group>"; };
		BB639A2E240FE7F100F56B29 /* Base */ = {isa = PBXFileReference; lastKnownFileType = file.storyboard; name = Base; path = Base.lproj/LaunchScreen.storyboard; sourceTree = "<group>"; };
		BB639A30240FE7F100F56B29 /* Info.plist */ = {isa = PBXFileReference; lastKnownFileType = text.plist.xml; path = Info.plist; sourceTree = "<group>"; };
		BB639A36240FE83400F56B29 /* ImageViewContainer.swift */ = {isa = PBXFileReference; fileEncoding = 4; lastKnownFileType = sourcecode.swift; path = ImageViewContainer.swift; sourceTree = "<group>"; };
		BB639A38240FE83C00F56B29 /* Restaurant.swift */ = {isa = PBXFileReference; fileEncoding = 4; lastKnownFileType = sourcecode.swift; path = Restaurant.swift; sourceTree = "<group>"; };
		BB639A3A240FE84500F56B29 /* RestaurantRow.swift */ = {isa = PBXFileReference; fileEncoding = 4; lastKnownFileType = sourcecode.swift; path = RestaurantRow.swift; sourceTree = "<group>"; };
		BB639A3C240FE84E00F56B29 /* OrientationModel.swift */ = {isa = PBXFileReference; fileEncoding = 4; lastKnownFileType = sourcecode.swift; path = OrientationModel.swift; sourceTree = "<group>"; };
		BB639A3E240FE85600F56B29 /* WebView.swift */ = {isa = PBXFileReference; fileEncoding = 4; lastKnownFileType = sourcecode.swift; path = WebView.swift; sourceTree = "<group>"; };
/* End PBXFileReference section */

/* Begin PBXFrameworksBuildPhase section */
		BB639A1C240FE7EE00F56B29 /* Frameworks */ = {
			isa = PBXFrameworksBuildPhase;
			buildActionMask = 2147483647;
			files = (
			);
			runOnlyForDeploymentPostprocessing = 0;
		};
/* End PBXFrameworksBuildPhase section */

/* Begin PBXGroup section */
		BB639A16240FE7EE00F56B29 = {
			isa = PBXGroup;
			children = (
				BB639A21240FE7EE00F56B29 /* SwiftUI_SearchGithub */,
				BB639A20240FE7EE00F56B29 /* Products */,
			);
			sourceTree = "<group>";
		};
		BB639A20240FE7EE00F56B29 /* Products */ = {
			isa = PBXGroup;
			children = (
				BB639A1F240FE7EE00F56B29 /* SwiftUI_SearchGithub.app */,
			);
			name = Products;
			sourceTree = "<group>";
		};
		BB639A21240FE7EE00F56B29 /* SwiftUI_SearchGithub */ = {
			isa = PBXGroup;
			children = (
				BB639A22240FE7EE00F56B29 /* AppDelegate.swift */,
				BB639A24240FE7EE00F56B29 /* SceneDelegate.swift */,
				BB639A38240FE83C00F56B29 /* Restaurant.swift */,
				BB639A3A240FE84500F56B29 /* RestaurantRow.swift */,
				BB639A3C240FE84E00F56B29 /* OrientationModel.swift */,
				BB639A3E240FE85600F56B29 /* WebView.swift */,
				BB639A36240FE83400F56B29 /* ImageViewContainer.swift */,
				BB639A26240FE7EE00F56B29 /* ContentView.swift */,
				BB639A28240FE7F100F56B29 /* Assets.xcassets */,
				BB639A2D240FE7F100F56B29 /* LaunchScreen.storyboard */,
				BB639A30240FE7F100F56B29 /* Info.plist */,
				BB639A2A240FE7F100F56B29 /* Preview Content */,
			);
			path = SwiftUI_SearchGithub;
			sourceTree = "<group>";
		};
		BB639A2A240FE7F100F56B29 /* Preview Content */ = {
			isa = PBXGroup;
			children = (
				BB639A2B240FE7F100F56B29 /* Preview Assets.xcassets */,
			);
			path = "Preview Content";
			sourceTree = "<group>";
		};
/* End PBXGroup section */

/* Begin PBXNativeTarget section */
		BB639A1E240FE7EE00F56B29 /* SwiftUI_SearchGithub */ = {
			isa = PBXNativeTarget;
			buildConfigurationList = BB639A33240FE7F100F56B29 /* Build configuration list for PBXNativeTarget "SwiftUI_SearchGithub" */;
			buildPhases = (
				BB639A1B240FE7EE00F56B29 /* Sources */,
				BB639A1C240FE7EE00F56B29 /* Frameworks */,
				BB639A1D240FE7EE00F56B29 /* Resources */,
			);
			buildRules = (
			);
			dependencies = (
			);
			name = SwiftUI_SearchGithub;
			productName = SwiftUI_SearchGIthub;
			productReference = BB639A1F240FE7EE00F56B29 /* SwiftUI_SearchGithub.app */;
			productType = "com.apple.product-type.application";
		};
/* End PBXNativeTarget section */

/* Begin PBXProject section */
		BB639A17240FE7EE00F56B29 /* Project object */ = {
			isa = PBXProject;
			attributes = {
				LastSwiftUpdateCheck = 1130;
				LastUpgradeCheck = 1130;
				ORGANIZATIONNAME = "永田大祐";
				TargetAttributes = {
					BB639A1E240FE7EE00F56B29 = {
						CreatedOnToolsVersion = 11.3.1;
					};
				};
			};
			buildConfigurationList = BB639A1A240FE7EE00F56B29 /* Build configuration list for PBXProject "SwiftUI_SearchGithub" */;
			compatibilityVersion = "Xcode 9.3";
			developmentRegion = en;
			hasScannedForEncodings = 0;
			knownRegions = (
				en,
				Base,
			);
			mainGroup = BB639A16240FE7EE00F56B29;
			productRefGroup = BB639A20240FE7EE00F56B29 /* Products */;
			projectDirPath = "";
			projectRoot = "";
			targets = (
				BB639A1E240FE7EE00F56B29 /* SwiftUI_SearchGithub */,
			);
		};
/* End PBXProject section */

/* Begin PBXResourcesBuildPhase section */
		BB639A1D240FE7EE00F56B29 /* Resources */ = {
			isa = PBXResourcesBuildPhase;
			buildActionMask = 2147483647;
			files = (
				BB639A2F240FE7F100F56B29 /* LaunchScreen.storyboard in Resources */,
				BB639A2C240FE7F100F56B29 /* Preview Assets.xcassets in Resources */,
				BB639A29240FE7F100F56B29 /* Assets.xcassets in Resources */,
			);
			runOnlyForDeploymentPostprocessing = 0;
		};
/* End PBXResourcesBuildPhase section */

/* Begin PBXSourcesBuildPhase section */
		BB639A1B240FE7EE00F56B29 /* Sources */ = {
			isa = PBXSourcesBuildPhase;
			buildActionMask = 2147483647;
			files = (
				BB639A39240FE83C00F56B29 /* Restaurant.swift in Sources */,
				BB639A3F240FE85600F56B29 /* WebView.swift in Sources */,
				BB639A3B240FE84500F56B29 /* RestaurantRow.swift in Sources */,
				BB639A37240FE83400F56B29 /* ImageViewContainer.swift in Sources */,
				BB639A23240FE7EE00F56B29 /* AppDelegate.swift in Sources */,
				BB639A3D240FE84E00F56B29 /* OrientationModel.swift in Sources */,
				BB639A25240FE7EE00F56B29 /* SceneDelegate.swift in Sources */,
				BB639A27240FE7EE00F56B29 /* ContentView.swift in Sources */,
			);
			runOnlyForDeploymentPostprocessing = 0;
		};
/* End PBXSourcesBuildPhase section */

/* Begin PBXVariantGroup section */
		BB639A2D240FE7F100F56B29 /* LaunchScreen.storyboard */ = {
			isa = PBXVariantGroup;
			children = (
				BB639A2E240FE7F100F56B29 /* Base */,
			);
			name = LaunchScreen.storyboard;
			sourceTree = "<group>";
		};
/* End PBXVariantGroup section */

/* Begin XCBuildConfiguration section */
		BB639A31240FE7F100F56B29 /* Debug */ = {
			isa = XCBuildConfiguration;
			buildSettings = {
				ALWAYS_SEARCH_USER_PATHS = NO;
				CLANG_ANALYZER_NONNULL = YES;
				CLANG_ANALYZER_NUMBER_OBJECT_CONVERSION = YES_AGGRESSIVE;
				CLANG_CXX_LANGUAGE_STANDARD = "gnu++14";
				CLANG_CXX_LIBRARY = "libc++";
				CLANG_ENABLE_MODULES = YES;
				CLANG_ENABLE_OBJC_ARC = YES;
				CLANG_ENABLE_OBJC_WEAK = YES;
				CLANG_WARN_BLOCK_CAPTURE_AUTORELEASING = YES;
				CLANG_WARN_BOOL_CONVERSION = YES;
				CLANG_WARN_COMMA = YES;
				CLANG_WARN_CONSTANT_CONVERSION = YES;
				CLANG_WARN_DEPRECATED_OBJC_IMPLEMENTATIONS = YES;
				CLANG_WARN_DIRECT_OBJC_ISA_USAGE = YES_ERROR;
				CLANG_WARN_DOCUMENTATION_COMMENTS = YES;
				CLANG_WARN_EMPTY_BODY = YES;
				CLANG_WARN_ENUM_CONVERSION = YES;
				CLANG_WARN_INFINITE_RECURSION = YES;
				CLANG_WARN_INT_CONVERSION = YES;
				CLANG_WARN_NON_LITERAL_NULL_CONVERSION = YES;
				CLANG_WARN_OBJC_IMPLICIT_RETAIN_SELF = YES;
				CLANG_WARN_OBJC_LITERAL_CONVERSION = YES;
				CLANG_WARN_OBJC_ROOT_CLASS = YES_ERROR;
				CLANG_WARN_RANGE_LOOP_ANALYSIS = YES;
				CLANG_WARN_STRICT_PROTOTYPES = YES;
				CLANG_WARN_SUSPICIOUS_MOVE = YES;
				CLANG_WARN_UNGUARDED_AVAILABILITY = YES_AGGRESSIVE;
				CLANG_WARN_UNREACHABLE_CODE = YES;
				CLANG_WARN__DUPLICATE_METHOD_MATCH = YES;
				COPY_PHASE_STRIP = NO;
				DEBUG_INFORMATION_FORMAT = dwarf;
				ENABLE_STRICT_OBJC_MSGSEND = YES;
				ENABLE_TESTABILITY = YES;
				GCC_C_LANGUAGE_STANDARD = gnu11;
				GCC_DYNAMIC_NO_PIC = NO;
				GCC_NO_COMMON_BLOCKS = YES;
				GCC_OPTIMIZATION_LEVEL = 0;
				GCC_PREPROCESSOR_DEFINITIONS = (
					"DEBUG=1",
					"$(inherited)",
				);
				GCC_WARN_64_TO_32_BIT_CONVERSION = YES;
				GCC_WARN_ABOUT_RETURN_TYPE = YES_ERROR;
				GCC_WARN_UNDECLARED_SELECTOR = YES;
				GCC_WARN_UNINITIALIZED_AUTOS = YES_AGGRESSIVE;
				GCC_WARN_UNUSED_FUNCTION = YES;
				GCC_WARN_UNUSED_VARIABLE = YES;
				IPHONEOS_DEPLOYMENT_TARGET = 13.2;
				MTL_ENABLE_DEBUG_INFO = INCLUDE_SOURCE;
				MTL_FAST_MATH = YES;
				ONLY_ACTIVE_ARCH = YES;
				SDKROOT = iphoneos;
				SWIFT_ACTIVE_COMPILATION_CONDITIONS = DEBUG;
				SWIFT_OPTIMIZATION_LEVEL = "-Onone";
			};
			name = Debug;
		};
		BB639A32240FE7F100F56B29 /* Release */ = {
			isa = XCBuildConfiguration;
			buildSettings = {
				ALWAYS_SEARCH_USER_PATHS = NO;
				CLANG_ANALYZER_NONNULL = YES;
				CLANG_ANALYZER_NUMBER_OBJECT_CONVERSION = YES_AGGRESSIVE;
				CLANG_CXX_LANGUAGE_STANDARD = "gnu++14";
				CLANG_CXX_LIBRARY = "libc++";
				CLANG_ENABLE_MODULES = YES;
				CLANG_ENABLE_OBJC_ARC = YES;
				CLANG_ENABLE_OBJC_WEAK = YES;
				CLANG_WARN_BLOCK_CAPTURE_AUTORELEASING = YES;
				CLANG_WARN_BOOL_CONVERSION = YES;
				CLANG_WARN_COMMA = YES;
				CLANG_WARN_CONSTANT_CONVERSION = YES;
				CLANG_WARN_DEPRECATED_OBJC_IMPLEMENTATIONS = YES;
				CLANG_WARN_DIRECT_OBJC_ISA_USAGE = YES_ERROR;
				CLANG_WARN_DOCUMENTATION_COMMENTS = YES;
				CLANG_WARN_EMPTY_BODY = YES;
				CLANG_WARN_ENUM_CONVERSION = YES;
				CLANG_WARN_INFINITE_RECURSION = YES;
				CLANG_WARN_INT_CONVERSION = YES;
				CLANG_WARN_NON_LITERAL_NULL_CONVERSION = YES;
				CLANG_WARN_OBJC_IMPLICIT_RETAIN_SELF = YES;
				CLANG_WARN_OBJC_LITERAL_CONVERSION = YES;
				CLANG_WARN_OBJC_ROOT_CLASS = YES_ERROR;
				CLANG_WARN_RANGE_LOOP_ANALYSIS = YES;
				CLANG_WARN_STRICT_PROTOTYPES = YES;
				CLANG_WARN_SUSPICIOUS_MOVE = YES;
				CLANG_WARN_UNGUARDED_AVAILABILITY = YES_AGGRESSIVE;
				CLANG_WARN_UNREACHABLE_CODE = YES;
				CLANG_WARN__DUPLICATE_METHOD_MATCH = YES;
				COPY_PHASE_STRIP = NO;
				DEBUG_INFORMATION_FORMAT = "dwarf-with-dsym";
				ENABLE_NS_ASSERTIONS = NO;
				ENABLE_STRICT_OBJC_MSGSEND = YES;
				GCC_C_LANGUAGE_STANDARD = gnu11;
				GCC_NO_COMMON_BLOCKS = YES;
				GCC_WARN_64_TO_32_BIT_CONVERSION = YES;
				GCC_WARN_ABOUT_RETURN_TYPE = YES_ERROR;
				GCC_WARN_UNDECLARED_SELECTOR = YES;
				GCC_WARN_UNINITIALIZED_AUTOS = YES_AGGRESSIVE;
				GCC_WARN_UNUSED_FUNCTION = YES;
				GCC_WARN_UNUSED_VARIABLE = YES;
				IPHONEOS_DEPLOYMENT_TARGET = 13.2;
				MTL_ENABLE_DEBUG_INFO = NO;
				MTL_FAST_MATH = YES;
				SDKROOT = iphoneos;
				SWIFT_COMPILATION_MODE = wholemodule;
				SWIFT_OPTIMIZATION_LEVEL = "-O";
				VALIDATE_PRODUCT = YES;
			};
			name = Release;
		};
		BB639A34240FE7F100F56B29 /* Debug */ = {
			isa = XCBuildConfiguration;
			buildSettings = {
				ASSETCATALOG_COMPILER_APPICON_NAME = AppIcon;
				CODE_SIGN_STYLE = Manual;
				DEVELOPMENT_ASSET_PATHS = "\"SwiftUI_SearchGIthub/Preview Content\"";
				DEVELOPMENT_TEAM = "";
				ENABLE_PREVIEWS = YES;
				INFOPLIST_FILE = SwiftUI_SearchGIthub/Info.plist;
				LD_RUNPATH_SEARCH_PATHS = (
					"$(inherited)",
					"@executable_path/Frameworks",
				);
				PRODUCT_BUNDLE_IDENTIFIER = "SampleSwiftUI.SwiftUI-SearchGithub";
				PRODUCT_NAME = SwiftUI_SearchGithub;
				PROVISIONING_PROFILE_SPECIFIER = "";
				SWIFT_VERSION = 5.0;
				TARGETED_DEVICE_FAMILY = "1,2";
			};
			name = Debug;
		};
		BB639A35240FE7F100F56B29 /* Release */ = {
			isa = XCBuildConfiguration;
			buildSettings = {
				ASSETCATALOG_COMPILER_APPICON_NAME = AppIcon;
				CODE_SIGN_STYLE = Manual;
				DEVELOPMENT_ASSET_PATHS = "\"SwiftUI_SearchGIthub/Preview Content\"";
				DEVELOPMENT_TEAM = "";
				ENABLE_PREVIEWS = YES;
				INFOPLIST_FILE = SwiftUI_SearchGIthub/Info.plist;
				LD_RUNPATH_SEARCH_PATHS = (
					"$(inherited)",
					"@executable_path/Frameworks",
				);
				PRODUCT_BUNDLE_IDENTIFIER = "SampleSwiftUI.SwiftUI-SearchGithub";
				PRODUCT_NAME = SwiftUI_SearchGithub;
				PROVISIONING_PROFILE_SPECIFIER = "";
				SWIFT_VERSION = 5.0;
				TARGETED_DEVICE_FAMILY = "1,2";
			};
			name = Release;
		};
/* End XCBuildConfiguration section */

/* Begin XCConfigurationList section */
		BB639A1A240FE7EE00F56B29 /* Build configuration list for PBXProject "SwiftUI_SearchGithub" */ = {
			isa = XCConfigurationList;
			buildConfigurations = (
				BB639A31240FE7F100F56B29 /* Debug */,
				BB639A32240FE7F100F56B29 /* Release */,
			);
			defaultConfigurationIsVisible = 0;
			defaultConfigurationName = Release;
		};
		BB639A33240FE7F100F56B29 /* Build configuration list for PBXNativeTarget "SwiftUI_SearchGithub" */ = {
			isa = XCConfigurationList;
			buildConfigurations = (
				BB639A34240FE7F100F56B29 /* Debug */,
				BB639A35240FE7F100F56B29 /* Release */,
			);
			defaultConfigurationIsVisible = 0;
			defaultConfigurationName = Release;
		};
/* End XCConfigurationList section */
	};
	rootObject = BB639A17240FE7EE00F56B29 /* Project object */;
}
